
Microsoft Visual Studio Solution File, Format Version 12.00
# Visual Studio 14
VisualStudioVersion = 14.0.25420.1
MinimumVisualStudioVersion = 10.0.40219.1
Project("{FAE04EC0-301F-11D3-BF4B-00C04F79EFBC}") = "LoopDetector", "LoopDetector\LoopDetector.csproj", "{60F13B2E-3AC2-4AC4-BFAE-037065F1B340}"
EndProject
Global
	GlobalSection(SolutionConfigurationPlatforms) = preSolution
		Debug|Any CPU = Debug|Any CPU
		Release|Any CPU = Release|Any CPU
	EndGlobalSection
	GlobalSection(ProjectConfigurationPlatforms) = postSolution
		{60F13B2E-3AC2-4AC4-BFAE-037065F1B340}.Debug|Any CPU.ActiveCfg = Debug|Any CPU
		{60F13B2E-3AC2-4AC4-BFAE-037065F1B340}.Debug|Any CPU.Build.0 = Debug|Any CPU
		{60F13B2E-3AC2-4AC4-BFAE-037065F1B340}.Release|Any CPU.ActiveCfg = Release|Any CPU
		{60F13B2E-3AC2-4AC4-BFAE-037065F1B340}.Release|Any CPU.Build.0 = Release|Any CPU
	EndGlobalSection
	GlobalSection(SolutionProperties) = preSolution
		HideSolutionNode = FALSE
	EndGlobalSection
EndGlobal
